
Microsoft Visual Studio Solution File, Format Version 12.00
# Visual Studio 15
VisualStudioVersion = 15.0.28307.489
MinimumVisualStudioVersion = 10.0.40219.1
Project("{FAE04EC0-301F-11D3-BF4B-00C04F79EFBC}") = "DoAnTotNghiep", "DoAnTotNghiep\DoAnTotNghiep.csproj", "{57D6517C-3982-49C5-BD39-00C021B9B6F4}"
EndProject
Global
	GlobalSection(SolutionConfigurationPlatforms) = preSolution
		Debug|Any CPU = Debug|Any CPU
		Release|Any CPU = Release|Any CPU
	EndGlobalSection
	GlobalSection(ProjectConfigurationPlatforms) = postSolution
		{57D6517C-3982-49C5-BD39-00C021B9B6F4}.Debug|Any CPU.ActiveCfg = Debug|Any CPU
		{57D6517C-3982-49C5-BD39-00C021B9B6F4}.Debug|Any CPU.Build.0 = Debug|Any CPU
		{57D6517C-3982-49C5-BD39-00C021B9B6F4}.Release|Any CPU.ActiveCfg = Release|Any CPU
		{57D6517C-3982-49C5-BD39-00C021B9B6F4}.Release|Any CPU.Build.0 = Release|Any CPU
	EndGlobalSection
	GlobalSection(SolutionProperties) = preSolution
		HideSolutionNode = FALSE
	EndGlobalSection
	GlobalSection(ExtensibilityGlobals) = postSolution
		SolutionGuid = {872A1353-DE7B-42F6-959D-FC59C0865852}
	EndGlobalSection
EndGlobal
